
Microsoft Visual Studio Solution File, Format Version 12.00
# Visual Studio Version 17
VisualStudioVersion = 17.2.32616.157
MinimumVisualStudioVersion = 10.0.40219.1
Project("{9A19103F-16F7-4668-BE54-9A1E7A4F7556}") = "Employee.Application", "Employee.Application\Employee.Application.csproj", "{FAFBA937-8EC9-4304-A0AD-D47082A3F1B9}"
EndProject
Project("{9A19103F-16F7-4668-BE54-9A1E7A4F7556}") = "Employee.Domain", "Employee.Domain\Employee.Domain.csproj", "{65217396-6A17-4948-A4EA-395A42A49BD5}"
EndProject
Project("{9A19103F-16F7-4668-BE54-9A1E7A4F7556}") = "Employee.Infrastructure", "Employee.Infrastructure\Employee.Infrastructure.csproj", "{EE207FB7-8CED-492A-B513-2DEC8DA5FA9A}"
EndProject
Project("{9A19103F-16F7-4668-BE54-9A1E7A4F7556}") = "API-Employee", "API-Employee\API-Employee.csproj", "{5EE76FC1-EC18-4F5C-9DAA-F02F19C4CA4B}"
EndProject
Project("{9A19103F-16F7-4668-BE54-9A1E7A4F7556}") = "UI", "UI\UI.csproj", "{233D7D06-7D56-4E7A-BE27-97C4BC05741B}"
EndProject
Project("{FAE04EC0-301F-11D3-BF4B-00C04F79EFBC}") = "Emp.UI", "Emp.UI\Emp.UI.csproj", "{D147DC84-DEC7-4BA7-B714-566A23EC588D}"
EndProject
Global
	GlobalSection(SolutionConfigurationPlatforms) = preSolution
		Debug|Any CPU = Debug|Any CPU
		Release|Any CPU = Release|Any CPU
	EndGlobalSection
	GlobalSection(ProjectConfigurationPlatforms) = postSolution
		{FAFBA937-8EC9-4304-A0AD-D47082A3F1B9}.Debug|Any CPU.ActiveCfg = Debug|Any CPU
		{FAFBA937-8EC9-4304-A0AD-D47082A3F1B9}.Debug|Any CPU.Build.0 = Debug|Any CPU
		{FAFBA937-8EC9-4304-A0AD-D47082A3F1B9}.Release|Any CPU.ActiveCfg = Release|Any CPU
		{FAFBA937-8EC9-4304-A0AD-D47082A3F1B9}.Release|Any CPU.Build.0 = Release|Any CPU
		{65217396-6A17-4948-A4EA-395A42A49BD5}.Debug|Any CPU.ActiveCfg = Debug|Any CPU
		{65217396-6A17-4948-A4EA-395A42A49BD5}.Debug|Any CPU.Build.0 = Debug|Any CPU
		{65217396-6A17-4948-A4EA-395A42A49BD5}.Release|Any CPU.ActiveCfg = Release|Any CPU
		{65217396-6A17-4948-A4EA-395A42A49BD5}.Release|Any CPU.Build.0 = Release|Any CPU
		{EE207FB7-8CED-492A-B513-2DEC8DA5FA9A}.Debug|Any CPU.ActiveCfg = Debug|Any CPU
		{EE207FB7-8CED-492A-B513-2DEC8DA5FA9A}.Debug|Any CPU.Build.0 = Debug|Any CPU
		{EE207FB7-8CED-492A-B513-2DEC8DA5FA9A}.Release|Any CPU.ActiveCfg = Release|Any CPU
		{EE207FB7-8CED-492A-B513-2DEC8DA5FA9A}.Release|Any CPU.Build.0 = Release|Any CPU
		{5EE76FC1-EC18-4F5C-9DAA-F02F19C4CA4B}.Debug|Any CPU.ActiveCfg = Debug|Any CPU
		{5EE76FC1-EC18-4F5C-9DAA-F02F19C4CA4B}.Debug|Any CPU.Build.0 = Debug|Any CPU
		{5EE76FC1-EC18-4F5C-9DAA-F02F19C4CA4B}.Release|Any CPU.ActiveCfg = Release|Any CPU
		{5EE76FC1-EC18-4F5C-9DAA-F02F19C4CA4B}.Release|Any CPU.Build.0 = Release|Any CPU
		{233D7D06-7D56-4E7A-BE27-97C4BC05741B}.Debug|Any CPU.ActiveCfg = Debug|Any CPU
		{233D7D06-7D56-4E7A-BE27-97C4BC05741B}.Debug|Any CPU.Build.0 = Debug|Any CPU
		{233D7D06-7D56-4E7A-BE27-97C4BC05741B}.Release|Any CPU.ActiveCfg = Release|Any CPU
		{233D7D06-7D56-4E7A-BE27-97C4BC05741B}.Release|Any CPU.Build.0 = Release|Any CPU
		{D147DC84-DEC7-4BA7-B714-566A23EC588D}.Debug|Any CPU.ActiveCfg = Debug|Any CPU
		{D147DC84-DEC7-4BA7-B714-566A23EC588D}.Debug|Any CPU.Build.0 = Debug|Any CPU
		{D147DC84-DEC7-4BA7-B714-566A23EC588D}.Release|Any CPU.ActiveCfg = Release|Any CPU
		{D147DC84-DEC7-4BA7-B714-566A23EC588D}.Release|Any CPU.Build.0 = Release|Any CPU
	EndGlobalSection
	GlobalSection(SolutionProperties) = preSolution
		HideSolutionNode = FALSE
	EndGlobalSection
	GlobalSection(ExtensibilityGlobals) = postSolution
		SolutionGuid = {E4425CFE-52E5-4699-8DEB-FEF349BFC8FB}
	EndGlobalSection
EndGlobal
