
Microsoft Visual Studio Solution File, Format Version 12.00
# Visual Studio Version 17
VisualStudioVersion = 17.2.32616.157
MinimumVisualStudioVersion = 10.0.40219.1
Project("{FAE04EC0-301F-11D3-BF4B-00C04F79EFBC}") = "CustomLogger", "CustomLogger\CustomLogger.csproj", "{3F9BAD9D-85F9-4107-A38E-70B258F0F799}"
EndProject
Global
	GlobalSection(SolutionConfigurationPlatforms) = preSolution
		Debug|Any CPU = Debug|Any CPU
		Release|Any CPU = Release|Any CPU
	EndGlobalSection
	GlobalSection(ProjectConfigurationPlatforms) = postSolution
		{3F9BAD9D-85F9-4107-A38E-70B258F0F799}.Debug|Any CPU.ActiveCfg = Debug|Any CPU
		{3F9BAD9D-85F9-4107-A38E-70B258F0F799}.Debug|Any CPU.Build.0 = Debug|Any CPU
		{3F9BAD9D-85F9-4107-A38E-70B258F0F799}.Release|Any CPU.ActiveCfg = Release|Any CPU
		{3F9BAD9D-85F9-4107-A38E-70B258F0F799}.Release|Any CPU.Build.0 = Release|Any CPU
	EndGlobalSection
	GlobalSection(SolutionProperties) = preSolution
		HideSolutionNode = FALSE
	EndGlobalSection
	GlobalSection(ExtensibilityGlobals) = postSolution
		SolutionGuid = {D05E77C6-02F3-495E-8598-F0F3CE59D36B}
	EndGlobalSection
EndGlobal
